// !$*UTF8*$!
{
	archiveVersion = 1;
	classes = {
	};
	objectVersion = 46;
	objects = {

/* Begin PBXBuildFile section */
		A51CD47B1DF684C200541F9D /* AppDelegate.swift in Sources */ = {isa = PBXBuildFile; fileRef = A51CD47A1DF684C200541F9D /* AppDelegate.swift */; };
		A51CD47D1DF684C200541F9D /* ViewController.swift in Sources */ = {isa = PBXBuildFile; fileRef = A51CD47C1DF684C200541F9D /* ViewController.swift */; };
		A51CD4801DF684C200541F9D /* Main.storyboard in Resources */ = {isa = PBXBuildFile; fileRef = A51CD47E1DF684C200541F9D /* Main.storyboard */; };
		A51CD4821DF684C200541F9D /* Assets.xcassets in Resources */ = {isa = PBXBuildFile; fileRef = A51CD4811DF684C200541F9D /* Assets.xcassets */; };
		A51CD4851DF684C200541F9D /* LaunchScreen.storyboard in Resources */ = {isa = PBXBuildFile; fileRef = A51CD4831DF684C200541F9D /* LaunchScreen.storyboard */; };
		A51CD48E1DF6856600541F9D /* LocalAuthentication.framework in Frameworks */ = {isa = PBXBuildFile; fileRef = A51CD48D1DF6856600541F9D /* LocalAuthentication.framework */; };
/* End PBXBuildFile section */

/* Begin PBXFileReference section */
		A51CD4771DF684C200541F9D /* TouchID.app */ = {isa = PBXFileReference; explicitFileType = wrapper.application; includeInIndex = 0; path = TouchID.app; sourceTree = BUILT_PRODUCTS_DIR; };
		A51CD47A1DF684C200541F9D /* AppDelegate.swift */ = {isa = PBXFileReference; lastKnownFileType = sourcecode.swift; path = AppDelegate.swift; sourceTree = "<group>"; };
		A51CD47C1DF684C200541F9D /* ViewController.swift */ = {isa = PBXFileReference; lastKnownFileType = sourcecode.swift; path = ViewController.swift; sourceTree = "<group>"; };
		A51CD47F1DF684C200541F9D /* Base */ = {isa = PBXFileReference; lastKnownFileType = file.storyboard; name = Base; path = Base.lproj/Main.storyboard; sourceTree = "<group>"; };
		A51CD4811DF684C200541F9D /* Assets.xcassets */ = {isa = PBXFileReference; lastKnownFileType = folder.assetcatalog; path = Assets.xcassets; sourceTree = "<group>"; };
		A51CD4841DF684C200541F9D /* Base */ = {isa = PBXFileReference; lastKnownFileType = file.storyboard; name = Base; path = Base.lproj/LaunchScreen.storyboard; sourceTree = "<group>"; };
		A51CD4861DF684C200541F9D /* Info.plist */ = {isa = PBXFileReference; lastKnownFileType = text.plist.xml; path = Info.plist; sourceTree = "<group>"; };
		A51CD48D1DF6856600541F9D /* LocalAuthentication.framework */ = {isa = PBXFileReference; lastKnownFileType = wrapper.framework; name = LocalAuthentication.framework; path = System/Library/Frameworks/LocalAuthentication.framework; sourceTree = SDKROOT; };
/* End PBXFileReference section */

/* Begin PBXFrameworksBuildPhase section */
		A51CD4741DF684C200541F9D /* Frameworks */ = {
			isa = PBXFrameworksBuildPhase;
			buildActionMask = 2147483647;
			files = (
				A51CD48E1DF6856600541F9D /* LocalAuthentication.framework in Frameworks */,
			);
			runOnlyForDeploymentPostprocessing = 0;
		};
/* End PBXFrameworksBuildPhase section */

/* Begin PBXGroup section */
		A51CD46E1DF684C200541F9D = {
			isa = PBXGroup;
			children = (
				A51CD4791DF684C200541F9D /* TouchID */,
				A51CD4781DF684C200541F9D /* Products */,
				A51CD48C1DF6856600541F9D /* Frameworks */,
			);
			sourceTree = "<group>";
		};
		A51CD4781DF684C200541F9D /* Products */ = {
			isa = PBXGroup;
			children = (
				A51CD4771DF684C200541F9D /* TouchID.app */,
			);
			name = Products;
			sourceTree = "<group>";
		};
		A51CD4791DF684C200541F9D /* TouchID */ = {
			isa = PBXGroup;
			children = (
				A51CD47A1DF684C200541F9D /* AppDelegate.swift */,
				A51CD47C1DF684C200541F9D /* ViewController.swift */,
				A51CD47E1DF684C200541F9D /* Main.storyboard */,
				A51CD4811DF684C200541F9D /* Assets.xcassets */,
				A51CD4831DF684C200541F9D /* LaunchScreen.storyboard */,
				A51CD4861DF684C200541F9D /* Info.plist */,
			);
			path = TouchID;
			sourceTree = "<group>";
		};
		A51CD48C1DF6856600541F9D /* Frameworks */ = {
			isa = PBXGroup;
			children = (
				A51CD48D1DF6856600541F9D /* LocalAuthentication.framework */,
			);
			name = Frameworks;
			sourceTree = "<group>";
		};
/* End PBXGroup section */

/* Begin PBXNativeTarget section */
		A51CD4761DF684C200541F9D /* TouchID */ = {
			isa = PBXNativeTarget;
			buildConfigurationList = A51CD4891DF684C200541F9D /* Build configuration list for PBXNativeTarget "TouchID" */;
			buildPhases = (
				A51CD4731DF684C200541F9D /* Sources */,
				A51CD4741DF684C200541F9D /* Frameworks */,
				A51CD4751DF684C200541F9D /* Resources */,
			);
			buildRules = (
			);
			dependencies = (
			);
			name = TouchID;
			productName = TouchID;
			productReference = A51CD4771DF684C200541F9D /* TouchID.app */;
			productType = "com.apple.product-type.application";
		};
/* End PBXNativeTarget section */

/* Begin PBXProject section */
		A51CD46F1DF684C200541F9D /* Project object */ = {
			isa = PBXProject;
			attributes = {
				LastSwiftUpdateCheck = 0810;
				LastUpgradeCheck = 0810;
				ORGANIZATIONNAME = johnsonejezie;
				TargetAttributes = {
					A51CD4761DF684C200541F9D = {
						CreatedOnToolsVersion = 8.1;
						DevelopmentTeam = QRGN64L84L;
						ProvisioningStyle = Automatic;
					};
				};
			};
			buildConfigurationList = A51CD4721DF684C200541F9D /* Build configuration list for PBXProject "TouchID" */;
			compatibilityVersion = "Xcode 3.2";
			developmentRegion = English;
			hasScannedForEncodings = 0;
			knownRegions = (
				en,
				Base,
			);
			mainGroup = A51CD46E1DF684C200541F9D;
			productRefGroup = A51CD4781DF684C200541F9D /* Products */;
			projectDirPath = "";
			projectRoot = "";
			targets = (
				A51CD4761DF684C200541F9D /* TouchID */,
			);
		};
/* End PBXProject section */

/* Begin PBXResourcesBuildPhase section */
		A51CD4751DF684C200541F9D /* Resources */ = {
			isa = PBXResourcesBuildPhase;
			buildActionMask = 2147483647;
			files = (
				A51CD4851DF684C200541F9D /* LaunchScreen.storyboard in Resources */,
				A51CD4821DF684C200541F9D /* Assets.xcassets in Resources */,
				A51CD4801DF684C200541F9D /* Main.storyboard in Resources */,
			);
			runOnlyForDeploymentPostprocessing = 0;
		};
/* End PBXResourcesBuildPhase section */

/* Begin PBXSourcesBuildPhase section */
		A51CD4731DF684C200541F9D /* Sources */ = {
			isa = PBXSourcesBuildPhase;
			buildActionMask = 2147483647;
			files = (
				A51CD47D1DF684C200541F9D /* ViewController.swift in Sources */,
				A51CD47B1DF684C200541F9D /* AppDelegate.swift in Sources */,
			);
			runOnlyForDeploymentPostprocessing = 0;
		};
/* End PBXSourcesBuildPhase section */

/* Begin PBXVariantGroup section */
		A51CD47E1DF684C200541F9D /* Main.storyboard */ = {
			isa = PBXVariantGroup;
			children = (
				A51CD47F1DF684C200541F9D /* Base */,
			);
			name = Main.storyboard;
			sourceTree = "<group>";
		};
		A51CD4831DF684C200541F9D /* LaunchScreen.storyboard */ = {
			isa = PBXVariantGroup;
			children = (
				A51CD4841DF684C200541F9D /* Base */,
			);
			name = LaunchScreen.storyboard;
			sourceTree = "<group>";
		};
/* End PBXVariantGroup section */

/* Begin XCBuildConfiguration section */
		A51CD4871DF684C200541F9D /* Debug */ = {
			isa = XCBuildConfiguration;
			buildSettings = {
				ALWAYS_SEARCH_USER_PATHS = NO;
				CLANG_ANALYZER_NONNULL = YES;
				CLANG_CXX_LANGUAGE_STANDARD = "gnu++0x";
				CLANG_CXX_LIBRARY = "libc++";
				CLANG_ENABLE_MODULES = YES;
				CLANG_ENABLE_OBJC_ARC = YES;
				CLANG_WARN_BOOL_CONVERSION = YES;
				CLANG_WARN_CONSTANT_CONVERSION = YES;
				CLANG_WARN_DIRECT_OBJC_ISA_USAGE = YES_ERROR;
				CLANG_WARN_DOCUMENTATION_COMMENTS = YES;
				CLANG_WARN_EMPTY_BODY = YES;
				CLANG_WARN_ENUM_CONVERSION = YES;
				CLANG_WARN_INFINITE_RECURSION = YES;
				CLANG_WARN_INT_CONVERSION = YES;
				CLANG_WARN_OBJC_ROOT_CLASS = YES_ERROR;
				CLANG_WARN_SUSPICIOUS_MOVES = YES;
				CLANG_WARN_UNREACHABLE_CODE = YES;
				CLANG_WARN__DUPLICATE_METHOD_MATCH = YES;
				"CODE_SIGN_IDENTITY[sdk=iphoneos*]" = "iPhone Developer";
				COPY_PHASE_STRIP = NO;
				DEBUG_INFORMATION_FORMAT = dwarf;
				ENABLE_STRICT_OBJC_MSGSEND = YES;
				ENABLE_TESTABILITY = YES;
				GCC_C_LANGUAGE_STANDARD = gnu99;
				GCC_DYNAMIC_NO_PIC = NO;
				GCC_NO_COMMON_BLOCKS = YES;
				GCC_OPTIMIZATION_LEVEL = 0;
				GCC_PREPROCESSOR_DEFINITIONS = (
					"DEBUG=1",
					"$(inherited)",
				);
				GCC_WARN_64_TO_32_BIT_CONVERSION = YES;
				GCC_WARN_ABOUT_RETURN_TYPE = YES_ERROR;
				GCC_WARN_UNDECLARED_SELECTOR = YES;
				GCC_WARN_UNINITIALIZED_AUTOS = YES_AGGRESSIVE;
				GCC_WARN_UNUSED_FUNCTION = YES;
				GCC_WARN_UNUSED_VARIABLE = YES;
				IPHONEOS_DEPLOYMENT_TARGET = 10.1;
				MTL_ENABLE_DEBUG_INFO = YES;
				ONLY_ACTIVE_ARCH = YES;
				SDKROOT = iphoneos;
				SWIFT_ACTIVE_COMPILATION_CONDITIONS = DEBUG;
				SWIFT_OPTIMIZATION_LEVEL = "-Onone";
			};
			name = Debug;
		};
		A51CD4881DF684C200541F9D /* Release */ = {
			isa = XCBuildConfiguration;
			buildSettings = {
				ALWAYS_SEARCH_USER_PATHS = NO;
				CLANG_ANALYZER_NONNULL = YES;
				CLANG_CXX_LANGUAGE_STANDARD = "gnu++0x";
				CLANG_CXX_LIBRARY = "libc++";
				CLANG_ENABLE_MODULES = YES;
				CLANG_ENABLE_OBJC_ARC = YES;
				CLANG_WARN_BOOL_CONVERSION = YES;
				CLANG_WARN_CONSTANT_CONVERSION = YES;
				CLANG_WARN_DIRECT_OBJC_ISA_USAGE = YES_ERROR;
				CLANG_WARN_DOCUMENTATION_COMMENTS = YES;
				CLANG_WARN_EMPTY_BODY = YES;
				CLANG_WARN_ENUM_CONVERSION = YES;
				CLANG_WARN_INFINITE_RECURSION = YES;
				CLANG_WARN_INT_CONVERSION = YES;
				CLANG_WARN_OBJC_ROOT_CLASS = YES_ERROR;
				CLANG_WARN_SUSPICIOUS_MOVES = YES;
				CLANG_WARN_UNREACHABLE_CODE = YES;
				CLANG_WARN__DUPLICATE_METHOD_MATCH = YES;
				"CODE_SIGN_IDENTITY[sdk=iphoneos*]" = "iPhone Developer";
				COPY_PHASE_STRIP = NO;
				DEBUG_INFORMATION_FORMAT = "dwarf-with-dsym";
				ENABLE_NS_ASSERTIONS = NO;
				ENABLE_STRICT_OBJC_MSGSEND = YES;
				GCC_C_LANGUAGE_STANDARD = gnu99;
				GCC_NO_COMMON_BLOCKS = YES;
				GCC_WARN_64_TO_32_BIT_CONVERSION = YES;
				GCC_WARN_ABOUT_RETURN_TYPE = YES_ERROR;
				GCC_WARN_UNDECLARED_SELECTOR = YES;
				GCC_WARN_UNINITIALIZED_AUTOS = YES_AGGRESSIVE;
				GCC_WARN_UNUSED_FUNCTION = YES;
				GCC_WARN_UNUSED_VARIABLE = YES;
				IPHONEOS_DEPLOYMENT_TARGET = 10.1;
				MTL_ENABLE_DEBUG_INFO = NO;
				SDKROOT = iphoneos;
				SWIFT_OPTIMIZATION_LEVEL = "-Owholemodule";
				VALIDATE_PRODUCT = YES;
			};
			name = Release;
		};
		A51CD48A1DF684C200541F9D /* Debug */ = {
			isa = XCBuildConfiguration;
			buildSettings = {
				ASSETCATALOG_COMPILER_APPICON_NAME = AppIcon;
				DEVELOPMENT_TEAM = QRGN64L84L;
				INFOPLIST_FILE = TouchID/Info.plist;
				LD_RUNPATH_SEARCH_PATHS = "$(inherited) @executable_path/Frameworks";
				PRODUCT_BUNDLE_IDENTIFIER = com.johnsonejezie.TouchID;
				PRODUCT_NAME = "$(TARGET_NAME)";
				SWIFT_VERSION = 3.0;
			};
			name = Debug;
		};
		A51CD48B1DF684C200541F9D /* Release */ = {
			isa = XCBuildConfiguration;
			buildSettings = {
				ASSETCATALOG_COMPILER_APPICON_NAME = AppIcon;
				DEVELOPMENT_TEAM = QRGN64L84L;
				INFOPLIST_FILE = TouchID/Info.plist;
				LD_RUNPATH_SEARCH_PATHS = "$(inherited) @executable_path/Frameworks";
				PRODUCT_BUNDLE_IDENTIFIER = com.johnsonejezie.TouchID;
				PRODUCT_NAME = "$(TARGET_NAME)";
				SWIFT_VERSION = 3.0;
			};
			name = Release;
		};
/* End XCBuildConfiguration section */

/* Begin XCConfigurationList section */
		A51CD4721DF684C200541F9D /* Build configuration list for PBXProject "TouchID" */ = {
			isa = XCConfigurationList;
			buildConfigurations = (
				A51CD4871DF684C200541F9D /* Debug */,
				A51CD4881DF684C200541F9D /* Release */,
			);
			defaultConfigurationIsVisible = 0;
			defaultConfigurationName = Release;
		};
		A51CD4891DF684C200541F9D /* Build configuration list for PBXNativeTarget "TouchID" */ = {
			isa = XCConfigurationList;
			buildConfigurations = (
				A51CD48A1DF684C200541F9D /* Debug */,
				A51CD48B1DF684C200541F9D /* Release */,
			);
			defaultConfigurationIsVisible = 0;
		};
/* End XCConfigurationList section */
	};
	rootObject = A51CD46F1DF684C200541F9D /* Project object */;
}
